// !$*UTF8*$!
{
	archiveVersion = 1;
	classes = {
	};
	objectVersion = 50;
	objects = {

/* Begin PBXBuildFile section */
		DAD557DD33F2A1FABD76E9C1 /* Pods_PSFootball.framework in Frameworks */ = {isa = PBXBuildFile; fileRef = 98479D061D92382784F96DDA /* Pods_PSFootball.framework */; };
		ED0BA4F920F751C8000B4503 /* Localizable.strings in Resources */ = {isa = PBXBuildFile; fileRef = ED0BA4F820F751C8000B4503 /* Localizable.strings */; };
		ED25629720C57BEC004A6901 /* AppDelegate.swift in Sources */ = {isa = PBXBuildFile; fileRef = ED25629620C57BEC004A6901 /* AppDelegate.swift */; };
		ED25629C20C57BEC004A6901 /* Main.storyboard in Resources */ = {isa = PBXBuildFile; fileRef = ED25629A20C57BEC004A6901 /* Main.storyboard */; };
		ED25629F20C57BEC004A6901 /* PSFootball.xcdatamodeld in Sources */ = {isa = PBXBuildFile; fileRef = ED25629D20C57BEC004A6901 /* PSFootball.xcdatamodeld */; };
		ED2562A120C57BEE004A6901 /* Assets.xcassets in Resources */ = {isa = PBXBuildFile; fileRef = ED2562A020C57BEE004A6901 /* Assets.xcassets */; };
		ED2562A420C57BEE004A6901 /* LaunchScreen.storyboard in Resources */ = {isa = PBXBuildFile; fileRef = ED2562A220C57BEE004A6901 /* LaunchScreen.storyboard */; };
		ED2886E320EBA2AE00900334 /* HomeCell.swift in Sources */ = {isa = PBXBuildFile; fileRef = ED2886E120EBA2AE00900334 /* HomeCell.swift */; };
		ED2886E420EBA2AE00900334 /* HomeCell.xib in Resources */ = {isa = PBXBuildFile; fileRef = ED2886E220EBA2AE00900334 /* HomeCell.xib */; };
		ED2CC92220E0F98B00F4B624 /* trailerFifa19.mp4 in Resources */ = {isa = PBXBuildFile; fileRef = ED2CC92120E0F98B00F4B624 /* trailerFifa19.mp4 */; };
		ED2CC92420E1130800F4B624 /* VideoManager.swift in Sources */ = {isa = PBXBuildFile; fileRef = ED2CC92320E1130800F4B624 /* VideoManager.swift */; };
		ED2CC92620E13CB600F4B624 /* AlertView.xib in Resources */ = {isa = PBXBuildFile; fileRef = ED2CC92520E13CB600F4B624 /* AlertView.xib */; };
		ED2CC92920E13CD900F4B624 /* AlertView.swift in Sources */ = {isa = PBXBuildFile; fileRef = ED2CC92820E13CD900F4B624 /* AlertView.swift */; };
		ED33667F20E8F3CB006B0143 /* PSUser+CoreDataClass.swift in Sources */ = {isa = PBXBuildFile; fileRef = ED33667D20E8F3CB006B0143 /* PSUser+CoreDataClass.swift */; };
		ED33668020E8F3CB006B0143 /* PSUser+CoreDataProperties.swift in Sources */ = {isa = PBXBuildFile; fileRef = ED33667E20E8F3CB006B0143 /* PSUser+CoreDataProperties.swift */; };
		ED33668220E8F417006B0143 /* CoreDataHelper.swift in Sources */ = {isa = PBXBuildFile; fileRef = ED33668120E8F417006B0143 /* CoreDataHelper.swift */; };
		ED58B09520C815A600A81131 /* Config.swift in Sources */ = {isa = PBXBuildFile; fileRef = ED58B09420C815A600A81131 /* Config.swift */; };
		ED58B09820C816BE00A81131 /* PSFootballHelper.swift in Sources */ = {isa = PBXBuildFile; fileRef = ED58B09720C816BE00A81131 /* PSFootballHelper.swift */; };
		ED58B09B20C8176800A81131 /* Enumerations.swift in Sources */ = {isa = PBXBuildFile; fileRef = ED58B09A20C8176800A81131 /* Enumerations.swift */; };
		ED5FF5C520CBFFBD0054A155 /* Login.storyboard in Resources */ = {isa = PBXBuildFile; fileRef = ED5FF5C420CBFFBD0054A155 /* Login.storyboard */; };
		ED5FF5C720CC06910054A155 /* FirebaseManager.swift in Sources */ = {isa = PBXBuildFile; fileRef = ED5FF5C620CC06910054A155 /* FirebaseManager.swift */; };
		ED61A25A20CA969A0093A169 /* BaseVC.swift in Sources */ = {isa = PBXBuildFile; fileRef = ED61A25920CA969A0093A169 /* BaseVC.swift */; };
		ED61A25C20CA973B0093A169 /* HomeVC.swift in Sources */ = {isa = PBXBuildFile; fileRef = ED61A25B20CA973B0093A169 /* HomeVC.swift */; };
		ED6CAE8F20E2781400F471C6 /* CoreDataManagerPSF.swift in Sources */ = {isa = PBXBuildFile; fileRef = ED6CAE8E20E2781400F471C6 /* CoreDataManagerPSF.swift */; };
		ED6CAE9120E27EB900F471C6 /* LoadingView.swift in Sources */ = {isa = PBXBuildFile; fileRef = ED6CAE9020E27EB900F471C6 /* LoadingView.swift */; };
		ED6CAE9320E27EC600F471C6 /* LoadingView.xib in Resources */ = {isa = PBXBuildFile; fileRef = ED6CAE9220E27EC600F471C6 /* LoadingView.xib */; };
		ED71965A20CACFBF00744F79 /* LoginVC.swift in Sources */ = {isa = PBXBuildFile; fileRef = ED71965920CACFBF00744F79 /* LoginVC.swift */; };
		ED71965C20CACFD800744F79 /* SignUpVC.swift in Sources */ = {isa = PBXBuildFile; fileRef = ED71965B20CACFD800744F79 /* SignUpVC.swift */; };
		ED71965E20CACFEC00744F79 /* StartVC.swift in Sources */ = {isa = PBXBuildFile; fileRef = ED71965D20CACFEC00744F79 /* StartVC.swift */; };
		ED71966020CAD38C00744F79 /* GoogleService-Info.plist in Resources */ = {isa = PBXBuildFile; fileRef = ED71965F20CAD38B00744F79 /* GoogleService-Info.plist */; };
		ED7CC2CF20EFEEF000875E45 /* StoriaClub.storyboard in Resources */ = {isa = PBXBuildFile; fileRef = ED7CC2CE20EFEEF000875E45 /* StoriaClub.storyboard */; };
		ED7CC2D120EFEEFC00875E45 /* Ranking.storyboard in Resources */ = {isa = PBXBuildFile; fileRef = ED7CC2D020EFEEFC00875E45 /* Ranking.storyboard */; };
		ED7CC2D320EFEF0700875E45 /* Competizioni.storyboard in Resources */ = {isa = PBXBuildFile; fileRef = ED7CC2D220EFEF0700875E45 /* Competizioni.storyboard */; };
		ED7CC2D520EFEF1100875E45 /* AlboOro.storyboard in Resources */ = {isa = PBXBuildFile; fileRef = ED7CC2D420EFEF1100875E45 /* AlboOro.storyboard */; };
		ED7CC2D720EFEF7600875E45 /* StoriaClubMenuVC.swift in Sources */ = {isa = PBXBuildFile; fileRef = ED7CC2D620EFEF7600875E45 /* StoriaClubMenuVC.swift */; };
		ED7CC2D920EFEF8500875E45 /* RankingMenuVC.swift in Sources */ = {isa = PBXBuildFile; fileRef = ED7CC2D820EFEF8500875E45 /* RankingMenuVC.swift */; };
		ED7CC2DB20EFEF9400875E45 /* CompetizioniMenuVC.swift in Sources */ = {isa = PBXBuildFile; fileRef = ED7CC2DA20EFEF9400875E45 /* CompetizioniMenuVC.swift */; };
		ED7CC2DD20EFEFA400875E45 /* AlboOroMenuVC.swift in Sources */ = {isa = PBXBuildFile; fileRef = ED7CC2DC20EFEFA400875E45 /* AlboOroMenuVC.swift */; };
		EDB4645720C9C68A00D52066 /* MenuCell.xib in Resources */ = {isa = PBXBuildFile; fileRef = EDB4645520C9C68A00D52066 /* MenuCell.xib */; };
		EDB4645820C9C68A00D52066 /* SlideMenuHamView.xib in Resources */ = {isa = PBXBuildFile; fileRef = EDB4645620C9C68A00D52066 /* SlideMenuHamView.xib */; };
		EDB4645A20C9C76900D52066 /* Extensions.swift in Sources */ = {isa = PBXBuildFile; fileRef = EDB4645920C9C76900D52066 /* Extensions.swift */; };
		EDC7556A20CC1C0900DE620B /* DataManager.swift in Sources */ = {isa = PBXBuildFile; fileRef = EDC7556920CC1C0900DE620B /* DataManager.swift */; };
		EDC9245F20C9C4A600CBC510 /* SlideMenuHamView.swift in Sources */ = {isa = PBXBuildFile; fileRef = EDC9245E20C9C4A600CBC510 /* SlideMenuHamView.swift */; };
		EDC9246120C9C61800CBC510 /* MenuCell.swift in Sources */ = {isa = PBXBuildFile; fileRef = EDC9246020C9C61800CBC510 /* MenuCell.swift */; };
/* End PBXBuildFile section */

/* Begin PBXFileReference section */
		06F0A7CC2936866B37AFDC51 /* Pods-PSFootball.release_prod.xcconfig */ = {isa = PBXFileReference; includeInIndex = 1; lastKnownFileType = text.xcconfig; name = "Pods-PSFootball.release_prod.xcconfig"; path = "Pods/Target Support Files/Pods-PSFootball/Pods-PSFootball.release_prod.xcconfig"; sourceTree = "<group>"; };
		20B7993DD892F845B6360948 /* Pods-PSFootball.prod.xcconfig */ = {isa = PBXFileReference; includeInIndex = 1; lastKnownFileType = text.xcconfig; name = "Pods-PSFootball.prod.xcconfig"; path = "Pods/Target Support Files/Pods-PSFootball/Pods-PSFootball.prod.xcconfig"; sourceTree = "<group>"; };
		31D43339101BCC612719C5BB /* Pods-PSFootball.coll.xcconfig */ = {isa = PBXFileReference; includeInIndex = 1; lastKnownFileType = text.xcconfig; name = "Pods-PSFootball.coll.xcconfig"; path = "Pods/Target Support Files/Pods-PSFootball/Pods-PSFootball.coll.xcconfig"; sourceTree = "<group>"; };
		4F8BC588CD98B157D793067E /* Pods-PSFootball.debug.xcconfig */ = {isa = PBXFileReference; includeInIndex = 1; lastKnownFileType = text.xcconfig; name = "Pods-PSFootball.debug.xcconfig"; path = "Pods/Target Support Files/Pods-PSFootball/Pods-PSFootball.debug.xcconfig"; sourceTree = "<group>"; };
		51FDD077462DCEDA62A14AC5 /* Pods-PSFootball.release.xcconfig */ = {isa = PBXFileReference; includeInIndex = 1; lastKnownFileType = text.xcconfig; name = "Pods-PSFootball.release.xcconfig"; path = "Pods/Target Support Files/Pods-PSFootball/Pods-PSFootball.release.xcconfig"; sourceTree = "<group>"; };
		6B681EA4B502E9889B06D500 /* Pods-PSFootball.release_coll.xcconfig */ = {isa = PBXFileReference; includeInIndex = 1; lastKnownFileType = text.xcconfig; name = "Pods-PSFootball.release_coll.xcconfig"; path = "Pods/Target Support Files/Pods-PSFootball/Pods-PSFootball.release_coll.xcconfig"; sourceTree = "<group>"; };
		6D2EB7C94215E772A5B18494 /* Pods-PSFootball.release_test.xcconfig */ = {isa = PBXFileReference; includeInIndex = 1; lastKnownFileType = text.xcconfig; name = "Pods-PSFootball.release_test.xcconfig"; path = "Pods/Target Support Files/Pods-PSFootball/Pods-PSFootball.release_test.xcconfig"; sourceTree = "<group>"; };
		98479D061D92382784F96DDA /* Pods_PSFootball.framework */ = {isa = PBXFileReference; explicitFileType = wrapper.framework; includeInIndex = 0; path = Pods_PSFootball.framework; sourceTree = BUILT_PRODUCTS_DIR; };
		AB81A777E31D38CFB3137847 /* Pods-PSFootball.test.xcconfig */ = {isa = PBXFileReference; includeInIndex = 1; lastKnownFileType = text.xcconfig; name = "Pods-PSFootball.test.xcconfig"; path = "Pods/Target Support Files/Pods-PSFootball/Pods-PSFootball.test.xcconfig"; sourceTree = "<group>"; };
		ED0BA4F820F751C8000B4503 /* Localizable.strings */ = {isa = PBXFileReference; lastKnownFileType = text.plist.strings; path = Localizable.strings; sourceTree = "<group>"; };
		ED25629320C57BEC004A6901 /* PSFootballTest.app */ = {isa = PBXFileReference; explicitFileType = wrapper.application; includeInIndex = 0; path = PSFootballTest.app; sourceTree = BUILT_PRODUCTS_DIR; };
		ED25629620C57BEC004A6901 /* AppDelegate.swift */ = {isa = PBXFileReference; lastKnownFileType = sourcecode.swift; path = AppDelegate.swift; sourceTree = "<group>"; };
		ED25629B20C57BEC004A6901 /* Base */ = {isa = PBXFileReference; lastKnownFileType = file.storyboard; name = Base; path = Base.lproj/Main.storyboard; sourceTree = "<group>"; };
		ED25629E20C57BEC004A6901 /* PSFootball.xcdatamodel */ = {isa = PBXFileReference; lastKnownFileType = wrapper.xcdatamodel; path = PSFootball.xcdatamodel; sourceTree = "<group>"; };
		ED2562A020C57BEE004A6901 /* Assets.xcassets */ = {isa = PBXFileReference; lastKnownFileType = folder.assetcatalog; path = Assets.xcassets; sourceTree = "<group>"; };
		ED2562A320C57BEE004A6901 /* Base */ = {isa = PBXFileReference; lastKnownFileType = file.storyboard; name = Base; path = Base.lproj/LaunchScreen.storyboard; sourceTree = "<group>"; };
		ED2562A520C57BEE004A6901 /* Info.plist */ = {isa = PBXFileReference; lastKnownFileType = text.plist.xml; path = Info.plist; sourceTree = "<group>"; };
		ED2886E120EBA2AE00900334 /* HomeCell.swift */ = {isa = PBXFileReference; lastKnownFileType = sourcecode.swift; path = HomeCell.swift; sourceTree = "<group>"; };
		ED2886E220EBA2AE00900334 /* HomeCell.xib */ = {isa = PBXFileReference; lastKnownFileType = file.xib; path = HomeCell.xib; sourceTree = "<group>"; };
		ED2CC92120E0F98B00F4B624 /* trailerFifa19.mp4 */ = {isa = PBXFileReference; lastKnownFileType = file; path = trailerFifa19.mp4; sourceTree = "<group>"; };
		ED2CC92320E1130800F4B624 /* VideoManager.swift */ = {isa = PBXFileReference; lastKnownFileType = sourcecode.swift; path = VideoManager.swift; sourceTree = "<group>"; };
		ED2CC92520E13CB600F4B624 /* AlertView.xib */ = {isa = PBXFileReference; lastKnownFileType = file.xib; name = AlertView.xib; path = PSFootball/Common/View/AlertView.xib; sourceTree = SOURCE_ROOT; };
		ED2CC92820E13CD900F4B624 /* AlertView.swift */ = {isa = PBXFileReference; lastKnownFileType = sourcecode.swift; path = AlertView.swift; sourceTree = "<group>"; };
		ED33667D20E8F3CB006B0143 /* PSUser+CoreDataClass.swift */ = {isa = PBXFileReference; lastKnownFileType = sourcecode.swift; path = "PSUser+CoreDataClass.swift"; sourceTree = "<group>"; };
		ED33667E20E8F3CB006B0143 /* PSUser+CoreDataProperties.swift */ = {isa = PBXFileReference; lastKnownFileType = sourcecode.swift; path = "PSUser+CoreDataProperties.swift"; sourceTree = "<group>"; };
		ED33668120E8F417006B0143 /* CoreDataHelper.swift */ = {isa = PBXFileReference; lastKnownFileType = sourcecode.swift; path = CoreDataHelper.swift; sourceTree = "<group>"; };
		ED58B09420C815A600A81131 /* Config.swift */ = {isa = PBXFileReference; lastKnownFileType = sourcecode.swift; path = Config.swift; sourceTree = "<group>"; };
		ED58B09720C816BE00A81131 /* PSFootballHelper.swift */ = {isa = PBXFileReference; lastKnownFileType = sourcecode.swift; path = PSFootballHelper.swift; sourceTree = "<group>"; };
		ED58B09A20C8176800A81131 /* Enumerations.swift */ = {isa = PBXFileReference; lastKnownFileType = sourcecode.swift; path = Enumerations.swift; sourceTree = "<group>"; };
		ED5FF5C420CBFFBD0054A155 /* Login.storyboard */ = {isa = PBXFileReference; lastKnownFileType = file.storyboard; path = Login.storyboard; sourceTree = "<group>"; };
		ED5FF5C620CC06910054A155 /* FirebaseManager.swift */ = {isa = PBXFileReference; lastKnownFileType = sourcecode.swift; path = FirebaseManager.swift; sourceTree = "<group>"; };
		ED61A25920CA969A0093A169 /* BaseVC.swift */ = {isa = PBXFileReference; lastKnownFileType = sourcecode.swift; path = BaseVC.swift; sourceTree = "<group>"; };
		ED61A25B20CA973B0093A169 /* HomeVC.swift */ = {isa = PBXFileReference; lastKnownFileType = sourcecode.swift; path = HomeVC.swift; sourceTree = "<group>"; };
		ED6CAE8E20E2781400F471C6 /* CoreDataManagerPSF.swift */ = {isa = PBXFileReference; lastKnownFileType = sourcecode.swift; path = CoreDataManagerPSF.swift; sourceTree = "<group>"; };
		ED6CAE9020E27EB900F471C6 /* LoadingView.swift */ = {isa = PBXFileReference; lastKnownFileType = sourcecode.swift; path = LoadingView.swift; sourceTree = "<group>"; };
		ED6CAE9220E27EC600F471C6 /* LoadingView.xib */ = {isa = PBXFileReference; lastKnownFileType = file.xib; path = LoadingView.xib; sourceTree = "<group>"; };
		ED71965920CACFBF00744F79 /* LoginVC.swift */ = {isa = PBXFileReference; lastKnownFileType = sourcecode.swift; path = LoginVC.swift; sourceTree = "<group>"; };
		ED71965B20CACFD800744F79 /* SignUpVC.swift */ = {isa = PBXFileReference; lastKnownFileType = sourcecode.swift; path = SignUpVC.swift; sourceTree = "<group>"; };
		ED71965D20CACFEC00744F79 /* StartVC.swift */ = {isa = PBXFileReference; lastKnownFileType = sourcecode.swift; path = StartVC.swift; sourceTree = "<group>"; };
		ED71965F20CAD38B00744F79 /* GoogleService-Info.plist */ = {isa = PBXFileReference; fileEncoding = 4; lastKnownFileType = text.plist.xml; path = "GoogleService-Info.plist"; sourceTree = "<group>"; };
		ED7CC2CE20EFEEF000875E45 /* StoriaClub.storyboard */ = {isa = PBXFileReference; lastKnownFileType = file.storyboard; path = StoriaClub.storyboard; sourceTree = "<group>"; };
		ED7CC2D020EFEEFC00875E45 /* Ranking.storyboard */ = {isa = PBXFileReference; lastKnownFileType = file.storyboard; path = Ranking.storyboard; sourceTree = "<group>"; };
		ED7CC2D220EFEF0700875E45 /* Competizioni.storyboard */ = {isa = PBXFileReference; lastKnownFileType = file.storyboard; path = Competizioni.storyboard; sourceTree = "<group>"; };
		ED7CC2D420EFEF1100875E45 /* AlboOro.storyboard */ = {isa = PBXFileReference; lastKnownFileType = file.storyboard; path = AlboOro.storyboard; sourceTree = "<group>"; };
		ED7CC2D620EFEF7600875E45 /* StoriaClubMenuVC.swift */ = {isa = PBXFileReference; lastKnownFileType = sourcecode.swift; path = StoriaClubMenuVC.swift; sourceTree = "<group>"; };
		ED7CC2D820EFEF8500875E45 /* RankingMenuVC.swift */ = {isa = PBXFileReference; lastKnownFileType = sourcecode.swift; path = RankingMenuVC.swift; sourceTree = "<group>"; };
		ED7CC2DA20EFEF9400875E45 /* CompetizioniMenuVC.swift */ = {isa = PBXFileReference; lastKnownFileType = sourcecode.swift; path = CompetizioniMenuVC.swift; sourceTree = "<group>"; };
		ED7CC2DC20EFEFA400875E45 /* AlboOroMenuVC.swift */ = {isa = PBXFileReference; lastKnownFileType = sourcecode.swift; path = AlboOroMenuVC.swift; sourceTree = "<group>"; };
		EDB4645520C9C68A00D52066 /* MenuCell.xib */ = {isa = PBXFileReference; fileEncoding = 4; lastKnownFileType = file.xib; path = MenuCell.xib; sourceTree = "<group>"; };
		EDB4645620C9C68A00D52066 /* SlideMenuHamView.xib */ = {isa = PBXFileReference; fileEncoding = 4; lastKnownFileType = file.xib; path = SlideMenuHamView.xib; sourceTree = "<group>"; };
		EDB4645920C9C76900D52066 /* Extensions.swift */ = {isa = PBXFileReference; lastKnownFileType = sourcecode.swift; path = Extensions.swift; sourceTree = "<group>"; };
		EDC7556920CC1C0900DE620B /* DataManager.swift */ = {isa = PBXFileReference; lastKnownFileType = sourcecode.swift; path = DataManager.swift; sourceTree = "<group>"; };
		EDC9245E20C9C4A600CBC510 /* SlideMenuHamView.swift */ = {isa = PBXFileReference; lastKnownFileType = sourcecode.swift; path = SlideMenuHamView.swift; sourceTree = "<group>"; };
		EDC9246020C9C61800CBC510 /* MenuCell.swift */ = {isa = PBXFileReference; lastKnownFileType = sourcecode.swift; path = MenuCell.swift; sourceTree = "<group>"; };
/* End PBXFileReference section */

/* Begin PBXFrameworksBuildPhase section */
		ED25629020C57BEC004A6901 /* Frameworks */ = {
			isa = PBXFrameworksBuildPhase;
			buildActionMask = 2147483647;
			files = (
				DAD557DD33F2A1FABD76E9C1 /* Pods_PSFootball.framework in Frameworks */,
			);
			runOnlyForDeploymentPostprocessing = 0;
		};
/* End PBXFrameworksBuildPhase section */

/* Begin PBXGroup section */
		22B6598CAF2509E293CC1C61 /* Frameworks */ = {
			isa = PBXGroup;
			children = (
				98479D061D92382784F96DDA /* Pods_PSFootball.framework */,
			);
			name = Frameworks;
			sourceTree = "<group>";
		};
		DF4D583702356A33C574AFE7 /* Pods */ = {
			isa = PBXGroup;
			children = (
				4F8BC588CD98B157D793067E /* Pods-PSFootball.debug.xcconfig */,
				51FDD077462DCEDA62A14AC5 /* Pods-PSFootball.release.xcconfig */,
				AB81A777E31D38CFB3137847 /* Pods-PSFootball.test.xcconfig */,
				06F0A7CC2936866B37AFDC51 /* Pods-PSFootball.release_prod.xcconfig */,
				31D43339101BCC612719C5BB /* Pods-PSFootball.coll.xcconfig */,
				20B7993DD892F845B6360948 /* Pods-PSFootball.prod.xcconfig */,
				6B681EA4B502E9889B06D500 /* Pods-PSFootball.release_coll.xcconfig */,
				6D2EB7C94215E772A5B18494 /* Pods-PSFootball.release_test.xcconfig */,
			);
			name = Pods;
			sourceTree = "<group>";
		};
		ED25628A20C57BEC004A6901 = {
			isa = PBXGroup;
			children = (
				22B6598CAF2509E293CC1C61 /* Frameworks */,
				DF4D583702356A33C574AFE7 /* Pods */,
				ED25629420C57BEC004A6901 /* Products */,
				ED25629520C57BEC004A6901 /* PSFootball */,
			);
			sourceTree = "<group>";
		};
		ED25629420C57BEC004A6901 /* Products */ = {
			isa = PBXGroup;
			children = (
				ED25629320C57BEC004A6901 /* PSFootballTest.app */,
			);
			name = Products;
			sourceTree = "<group>";
		};
		ED25629520C57BEC004A6901 /* PSFootball */ = {
			isa = PBXGroup;
			children = (
				ED25629620C57BEC004A6901 /* AppDelegate.swift */,
				EDAD278420C9489B003D5403 /* Common */,
				EDAD278520C948A1003D5403 /* Extension */,
				EDAD278620C94906003D5403 /* Manager */,
				EDAD278820C94968003D5403 /* Model */,
				ED58B09920C8175300A81131 /* Resources */,
				ED58B09620C816A000A81131 /* Service */,
				EDAD278720C94914003D5403 /* ViewController */,
			);
			path = PSFootball;
			sourceTree = "<group>";
		};
		ED2886DC20EB9F6E00900334 /* Cell */ = {
			isa = PBXGroup;
			children = (
				ED2886E120EBA2AE00900334 /* HomeCell.swift */,
				ED2886E220EBA2AE00900334 /* HomeCell.xib */,
			);
			path = Cell;
			sourceTree = "<group>";
		};
		ED2CC92720E13CBE00F4B624 /* View */ = {
			isa = PBXGroup;
			children = (
				ED2CC92820E13CD900F4B624 /* AlertView.swift */,
				ED6CAE9020E27EB900F471C6 /* LoadingView.swift */,
				ED2CC92520E13CB600F4B624 /* AlertView.xib */,
				ED6CAE9220E27EC600F471C6 /* LoadingView.xib */,
			);
			path = View;
			sourceTree = "<group>";
		};
		ED33667820E8F2A3006B0143 /* CoreDataBean */ = {
			isa = PBXGroup;
			children = (
				ED33667D20E8F3CB006B0143 /* PSUser+CoreDataClass.swift */,
				ED33667E20E8F3CB006B0143 /* PSUser+CoreDataProperties.swift */,
			);
			path = CoreDataBean;
			sourceTree = "<group>";
		};
		ED58B09620C816A000A81131 /* Service */ = {
			isa = PBXGroup;
			children = (
				ED58B09720C816BE00A81131 /* PSFootballHelper.swift */,
				ED33668120E8F417006B0143 /* CoreDataHelper.swift */,
			);
			path = Service;
			sourceTree = "<group>";
		};
		ED58B09920C8175300A81131 /* Resources */ = {
			isa = PBXGroup;
			children = (
				ED2CC92120E0F98B00F4B624 /* trailerFifa19.mp4 */,
				ED71965F20CAD38B00744F79 /* GoogleService-Info.plist */,
				ED2562A520C57BEE004A6901 /* Info.plist */,
				ED0BA4F820F751C8000B4503 /* Localizable.strings */,
				ED58B09A20C8176800A81131 /* Enumerations.swift */,
				ED2562A020C57BEE004A6901 /* Assets.xcassets */,
				ED7534A720C6D480001B7463 /* Config */,
				EDAD278A20C949B7003D5403 /* CoreData */,
			);
			path = Resources;
			sourceTree = "<group>";
		};
		ED61A25820CA967C0093A169 /* ViewController */ = {
			isa = PBXGroup;
			children = (
				ED61A25920CA969A0093A169 /* BaseVC.swift */,
			);
			path = ViewController;
			sourceTree = "<group>";
		};
		ED61A25D20CA974C0093A169 /* Home */ = {
			isa = PBXGroup;
			children = (
				ED2886DC20EB9F6E00900334 /* Cell */,
				ED61A25B20CA973B0093A169 /* HomeVC.swift */,
				ED25629A20C57BEC004A6901 /* Main.storyboard */,
			);
			path = Home;
			sourceTree = "<group>";
		};
		ED71965820CACDDE00744F79 /* Login */ = {
			isa = PBXGroup;
			children = (
				ED71965920CACFBF00744F79 /* LoginVC.swift */,
				ED71965B20CACFD800744F79 /* SignUpVC.swift */,
				ED71965D20CACFEC00744F79 /* StartVC.swift */,
				ED5FF5C420CBFFBD0054A155 /* Login.storyboard */,
			);
			path = Login;
			sourceTree = "<group>";
		};
		ED7534A720C6D480001B7463 /* Config */ = {
			isa = PBXGroup;
			children = (
				ED58B09420C815A600A81131 /* Config.swift */,
			);
			path = Config;
			sourceTree = "<group>";
		};
		ED7CC2C920EFEE3700875E45 /* AlboOro */ = {
			isa = PBXGroup;
			children = (
				ED7CC2D420EFEF1100875E45 /* AlboOro.storyboard */,
				ED7CC2DC20EFEFA400875E45 /* AlboOroMenuVC.swift */,
			);
			path = AlboOro;
			sourceTree = "<group>";
		};
		ED7CC2CA20EFEE4300875E45 /* Competizioni */ = {
			isa = PBXGroup;
			children = (
				ED7CC2D220EFEF0700875E45 /* Competizioni.storyboard */,
				ED7CC2DA20EFEF9400875E45 /* CompetizioniMenuVC.swift */,
			);
			path = Competizioni;
			sourceTree = "<group>";
		};
		ED7CC2CB20EFEE4C00875E45 /* Ranking */ = {
			isa = PBXGroup;
			children = (
				ED7CC2D020EFEEFC00875E45 /* Ranking.storyboard */,
				ED7CC2D820EFEF8500875E45 /* RankingMenuVC.swift */,
			);
			path = Ranking;
			sourceTree = "<group>";
		};
		ED7CC2CC20EFEE5500875E45 /* StoriaClub */ = {
			isa = PBXGroup;
			children = (
				ED7CC2CE20EFEEF000875E45 /* StoriaClub.storyboard */,
				ED7CC2D620EFEF7600875E45 /* StoriaClubMenuVC.swift */,
			);
			path = StoriaClub;
			sourceTree = "<group>";
		};
		EDAD278420C9489B003D5403 /* Common */ = {
			isa = PBXGroup;
			children = (
				EDC9245D20C9C47500CBC510 /* SlideMenuHam */,
				ED2CC92720E13CBE00F4B624 /* View */,
				ED61A25820CA967C0093A169 /* ViewController */,
			);
			path = Common;
			sourceTree = "<group>";
		};
		EDAD278520C948A1003D5403 /* Extension */ = {
			isa = PBXGroup;
			children = (
				EDB4645920C9C76900D52066 /* Extensions.swift */,
			);
			path = Extension;
			sourceTree = "<group>";
		};
		EDAD278620C94906003D5403 /* Manager */ = {
			isa = PBXGroup;
			children = (
				ED5FF5C620CC06910054A155 /* FirebaseManager.swift */,
				EDC7556920CC1C0900DE620B /* DataManager.swift */,
				ED2CC92320E1130800F4B624 /* VideoManager.swift */,
				ED6CAE8E20E2781400F471C6 /* CoreDataManagerPSF.swift */,
			);
			path = Manager;
			sourceTree = "<group>";
		};
		EDAD278720C94914003D5403 /* ViewController */ = {
			isa = PBXGroup;
			children = (
				ED7CC2C920EFEE3700875E45 /* AlboOro */,
				ED7CC2CA20EFEE4300875E45 /* Competizioni */,
				ED61A25D20CA974C0093A169 /* Home */,
				ED2562A220C57BEE004A6901 /* LaunchScreen.storyboard */,
				ED71965820CACDDE00744F79 /* Login */,
				ED7CC2CB20EFEE4C00875E45 /* Ranking */,
				ED7CC2CC20EFEE5500875E45 /* StoriaClub */,
			);
			path = ViewController;
			sourceTree = "<group>";
		};
		EDAD278820C94968003D5403 /* Model */ = {
			isa = PBXGroup;
			children = (
				ED33667820E8F2A3006B0143 /* CoreDataBean */,
			);
			path = Model;
			sourceTree = "<group>";
		};
		EDAD278A20C949B7003D5403 /* CoreData */ = {
			isa = PBXGroup;
			children = (
				ED25629D20C57BEC004A6901 /* PSFootball.xcdatamodeld */,
			);
			path = CoreData;
			sourceTree = "<group>";
		};
		EDC9245D20C9C47500CBC510 /* SlideMenuHam */ = {
			isa = PBXGroup;
			children = (
				EDC9246020C9C61800CBC510 /* MenuCell.swift */,
				EDC9245E20C9C4A600CBC510 /* SlideMenuHamView.swift */,
				EDB4645520C9C68A00D52066 /* MenuCell.xib */,
				EDB4645620C9C68A00D52066 /* SlideMenuHamView.xib */,
			);
			path = SlideMenuHam;
			sourceTree = "<group>";
		};
/* End PBXGroup section */

/* Begin PBXNativeTarget section */
		ED25629220C57BEC004A6901 /* PSFootball */ = {
			isa = PBXNativeTarget;
			buildConfigurationList = ED2562A820C57BEE004A6901 /* Build configuration list for PBXNativeTarget "PSFootball" */;
			buildPhases = (
				B5ABB031755F09840E0EB275 /* [CP] Check Pods Manifest.lock */,
				ED25628F20C57BEC004A6901 /* Sources */,
				ED25629020C57BEC004A6901 /* Frameworks */,
				ED25629120C57BEC004A6901 /* Resources */,
				59C28943E7A26D383D7CCCEE /* [CP] Embed Pods Frameworks */,
				362354D084C080FCA618D244 /* [CP] Copy Pods Resources */,
				ED1327F7211452610036EE4C /* Fabric */,
			);
			buildRules = (
			);
			dependencies = (
			);
			name = PSFootball;
			productName = PSFootball;
			productReference = ED25629320C57BEC004A6901 /* PSFootballTest.app */;
			productType = "com.apple.product-type.application";
		};
/* End PBXNativeTarget section */

/* Begin PBXProject section */
		ED25628B20C57BEC004A6901 /* Project object */ = {
			isa = PBXProject;
			attributes = {
				LastSwiftUpdateCheck = 0940;
				LastUpgradeCheck = 0940;
				ORGANIZATIONNAME = Lorenzo;
				TargetAttributes = {
					ED25629220C57BEC004A6901 = {
						CreatedOnToolsVersion = 9.4;
					};
				};
			};
			buildConfigurationList = ED25628E20C57BEC004A6901 /* Build configuration list for PBXProject "PSFootball" */;
			compatibilityVersion = "Xcode 9.3";
			developmentRegion = en;
			hasScannedForEncodings = 0;
			knownRegions = (
				en,
				Base,
			);
			mainGroup = ED25628A20C57BEC004A6901;
			productRefGroup = ED25629420C57BEC004A6901 /* Products */;
			projectDirPath = "";
			projectRoot = "";
			targets = (
				ED25629220C57BEC004A6901 /* PSFootball */,
			);
		};
/* End PBXProject section */

/* Begin PBXResourcesBuildPhase section */
		ED25629120C57BEC004A6901 /* Resources */ = {
			isa = PBXResourcesBuildPhase;
			buildActionMask = 2147483647;
			files = (
				ED2CC92620E13CB600F4B624 /* AlertView.xib in Resources */,
				EDB4645820C9C68A00D52066 /* SlideMenuHamView.xib in Resources */,
				ED2562A420C57BEE004A6901 /* LaunchScreen.storyboard in Resources */,
				ED5FF5C520CBFFBD0054A155 /* Login.storyboard in Resources */,
				ED2CC92220E0F98B00F4B624 /* trailerFifa19.mp4 in Resources */,
				ED2562A120C57BEE004A6901 /* Assets.xcassets in Resources */,
				EDB4645720C9C68A00D52066 /* MenuCell.xib in Resources */,
				ED25629C20C57BEC004A6901 /* Main.storyboard in Resources */,
				ED7CC2CF20EFEEF000875E45 /* StoriaClub.storyboard in Resources */,
				ED7CC2D120EFEEFC00875E45 /* Ranking.storyboard in Resources */,
				ED7CC2D320EFEF0700875E45 /* Competizioni.storyboard in Resources */,
				ED2886E420EBA2AE00900334 /* HomeCell.xib in Resources */,
				ED71966020CAD38C00744F79 /* GoogleService-Info.plist in Resources */,
				ED0BA4F920F751C8000B4503 /* Localizable.strings in Resources */,
				ED6CAE9320E27EC600F471C6 /* LoadingView.xib in Resources */,
				ED7CC2D520EFEF1100875E45 /* AlboOro.storyboard in Resources */,
			);
			runOnlyForDeploymentPostprocessing = 0;
		};
/* End PBXResourcesBuildPhase section */

/* Begin PBXShellScriptBuildPhase section */
		362354D084C080FCA618D244 /* [CP] Copy Pods Resources */ = {
			isa = PBXShellScriptBuildPhase;
			buildActionMask = 2147483647;
			files = (
			);
			inputPaths = (
			);
			name = "[CP] Copy Pods Resources";
			outputPaths = (
			);
			runOnlyForDeploymentPostprocessing = 0;
			shellPath = /bin/sh;
			shellScript = "\"${SRCROOT}/Pods/Target Support Files/Pods-PSFootball/Pods-PSFootball-resources.sh\"\n";
			showEnvVarsInLog = 0;
		};
		59C28943E7A26D383D7CCCEE /* [CP] Embed Pods Frameworks */ = {
			isa = PBXShellScriptBuildPhase;
			buildActionMask = 2147483647;
			files = (
			);
			inputPaths = (
				"${SRCROOT}/Pods/Target Support Files/Pods-PSFootball/Pods-PSFootball-frameworks.sh",
				"${BUILT_PRODUCTS_DIR}/Alamofire/Alamofire.framework",
				"${BUILT_PRODUCTS_DIR}/GTMSessionFetcher/GTMSessionFetcher.framework",
				"${BUILT_PRODUCTS_DIR}/GoogleToolboxForMac/GoogleToolboxForMac.framework",
				"${BUILT_PRODUCTS_DIR}/NVActivityIndicatorView/NVActivityIndicatorView.framework",
				"${BUILT_PRODUCTS_DIR}/SwiftKeychainWrapper/SwiftKeychainWrapper.framework",
				"${BUILT_PRODUCTS_DIR}/SwiftVideoBackground/SwiftVideoBackground.framework",
				"${BUILT_PRODUCTS_DIR}/leveldb-library/leveldb.framework",
				"${BUILT_PRODUCTS_DIR}/nanopb/nanopb.framework",
			);
			name = "[CP] Embed Pods Frameworks";
			outputPaths = (
				"${TARGET_BUILD_DIR}/${FRAMEWORKS_FOLDER_PATH}/Alamofire.framework",
				"${TARGET_BUILD_DIR}/${FRAMEWORKS_FOLDER_PATH}/GTMSessionFetcher.framework",
				"${TARGET_BUILD_DIR}/${FRAMEWORKS_FOLDER_PATH}/GoogleToolboxForMac.framework",
				"${TARGET_BUILD_DIR}/${FRAMEWORKS_FOLDER_PATH}/NVActivityIndicatorView.framework",
				"${TARGET_BUILD_DIR}/${FRAMEWORKS_FOLDER_PATH}/SwiftKeychainWrapper.framework",
				"${TARGET_BUILD_DIR}/${FRAMEWORKS_FOLDER_PATH}/SwiftVideoBackground.framework",
				"${TARGET_BUILD_DIR}/${FRAMEWORKS_FOLDER_PATH}/leveldb.framework",
				"${TARGET_BUILD_DIR}/${FRAMEWORKS_FOLDER_PATH}/nanopb.framework",
			);
			runOnlyForDeploymentPostprocessing = 0;
			shellPath = /bin/sh;
			shellScript = "\"${SRCROOT}/Pods/Target Support Files/Pods-PSFootball/Pods-PSFootball-frameworks.sh\"\n";
			showEnvVarsInLog = 0;
		};
		B5ABB031755F09840E0EB275 /* [CP] Check Pods Manifest.lock */ = {
			isa = PBXShellScriptBuildPhase;
			buildActionMask = 2147483647;
			files = (
			);
			inputPaths = (
				"${PODS_PODFILE_DIR_PATH}/Podfile.lock",
				"${PODS_ROOT}/Manifest.lock",
			);
			name = "[CP] Check Pods Manifest.lock";
			outputPaths = (
				"$(DERIVED_FILE_DIR)/Pods-PSFootball-checkManifestLockResult.txt",
			);
			runOnlyForDeploymentPostprocessing = 0;
			shellPath = /bin/sh;
			shellScript = "diff \"${PODS_PODFILE_DIR_PATH}/Podfile.lock\" \"${PODS_ROOT}/Manifest.lock\" > /dev/null\nif [ $? != 0 ] ; then\n    # print error to STDERR\n    echo \"error: The sandbox is not in sync with the Podfile.lock. Run 'pod install' or update your CocoaPods installation.\" >&2\n    exit 1\nfi\n# This output is used by Xcode 'outputs' to avoid re-running this script phase.\necho \"SUCCESS\" > \"${SCRIPT_OUTPUT_FILE_0}\"\n";
			showEnvVarsInLog = 0;
		};
		ED1327F7211452610036EE4C /* Fabric */ = {
			isa = PBXShellScriptBuildPhase;
			buildActionMask = 2147483647;
			files = (
			);
			inputPaths = (
			);
			name = Fabric;
			outputPaths = (
			);
			runOnlyForDeploymentPostprocessing = 0;
			shellPath = /bin/sh;
			shellScript = "\"${PODS_ROOT}/Fabric/run\" 3b7fcb2621f219676a702079074a9026f19ad660 21171dcef2aa35a32dc56c813fd6f08b5e924981ad0d65fa0fb5cb958c3c86da";
		};
/* End PBXShellScriptBuildPhase section */

/* Begin PBXSourcesBuildPhase section */
		ED25628F20C57BEC004A6901 /* Sources */ = {
			isa = PBXSourcesBuildPhase;
			buildActionMask = 2147483647;
			files = (
				ED71965A20CACFBF00744F79 /* LoginVC.swift in Sources */,
				EDC7556A20CC1C0900DE620B /* DataManager.swift in Sources */,
				EDB4645A20C9C76900D52066 /* Extensions.swift in Sources */,
				ED5FF5C720CC06910054A155 /* FirebaseManager.swift in Sources */,
				ED58B09B20C8176800A81131 /* Enumerations.swift in Sources */,
				ED58B09820C816BE00A81131 /* PSFootballHelper.swift in Sources */,
				ED71965C20CACFD800744F79 /* SignUpVC.swift in Sources */,
				ED58B09520C815A600A81131 /* Config.swift in Sources */,
				ED7CC2DD20EFEFA400875E45 /* AlboOroMenuVC.swift in Sources */,
				EDC9245F20C9C4A600CBC510 /* SlideMenuHamView.swift in Sources */,
				ED25629720C57BEC004A6901 /* AppDelegate.swift in Sources */,
				ED6CAE8F20E2781400F471C6 /* CoreDataManagerPSF.swift in Sources */,
				ED33667F20E8F3CB006B0143 /* PSUser+CoreDataClass.swift in Sources */,
				EDC9246120C9C61800CBC510 /* MenuCell.swift in Sources */,
				ED7CC2D720EFEF7600875E45 /* StoriaClubMenuVC.swift in Sources */,
				ED7CC2D920EFEF8500875E45 /* RankingMenuVC.swift in Sources */,
				ED71965E20CACFEC00744F79 /* StartVC.swift in Sources */,
				ED2886E320EBA2AE00900334 /* HomeCell.swift in Sources */,
				ED25629F20C57BEC004A6901 /* PSFootball.xcdatamodeld in Sources */,
				ED7CC2DB20EFEF9400875E45 /* CompetizioniMenuVC.swift in Sources */,
				ED61A25C20CA973B0093A169 /* HomeVC.swift in Sources */,
				ED61A25A20CA969A0093A169 /* BaseVC.swift in Sources */,
				ED33668220E8F417006B0143 /* CoreDataHelper.swift in Sources */,
				ED33668020E8F3CB006B0143 /* PSUser+CoreDataProperties.swift in Sources */,
				ED2CC92420E1130800F4B624 /* VideoManager.swift in Sources */,
				ED6CAE9120E27EB900F471C6 /* LoadingView.swift in Sources */,
				ED2CC92920E13CD900F4B624 /* AlertView.swift in Sources */,
			);
			runOnlyForDeploymentPostprocessing = 0;
		};
/* End PBXSourcesBuildPhase section */

/* Begin PBXVariantGroup section */
		ED25629A20C57BEC004A6901 /* Main.storyboard */ = {
			isa = PBXVariantGroup;
			children = (
				ED25629B20C57BEC004A6901 /* Base */,
			);
			name = Main.storyboard;
			sourceTree = "<group>";
		};
		ED2562A220C57BEE004A6901 /* LaunchScreen.storyboard */ = {
			isa = PBXVariantGroup;
			children = (
				ED2562A320C57BEE004A6901 /* Base */,
			);
			name = LaunchScreen.storyboard;
			sourceTree = "<group>";
		};
/* End PBXVariantGroup section */

/* Begin XCBuildConfiguration section */
		ED2562A620C57BEE004A6901 /* Release_Coll */ = {
			isa = XCBuildConfiguration;
			buildSettings = {
				ALWAYS_SEARCH_USER_PATHS = NO;
				CLANG_ANALYZER_NONNULL = YES;
				CLANG_ANALYZER_NUMBER_OBJECT_CONVERSION = YES_AGGRESSIVE;
				CLANG_CXX_LANGUAGE_STANDARD = "gnu++14";
				CLANG_CXX_LIBRARY = "libc++";
				CLANG_ENABLE_MODULES = YES;
				CLANG_ENABLE_OBJC_ARC = YES;
				CLANG_ENABLE_OBJC_WEAK = YES;
				CLANG_WARN_BLOCK_CAPTURE_AUTORELEASING = YES;
				CLANG_WARN_BOOL_CONVERSION = YES;
				CLANG_WARN_COMMA = YES;
				CLANG_WARN_CONSTANT_CONVERSION = YES;
				CLANG_WARN_DEPRECATED_OBJC_IMPLEMENTATIONS = YES;
				CLANG_WARN_DIRECT_OBJC_ISA_USAGE = YES_ERROR;
				CLANG_WARN_DOCUMENTATION_COMMENTS = YES;
				CLANG_WARN_EMPTY_BODY = YES;
				CLANG_WARN_ENUM_CONVERSION = YES;
				CLANG_WARN_INFINITE_RECURSION = YES;
				CLANG_WARN_INT_CONVERSION = YES;
				CLANG_WARN_NON_LITERAL_NULL_CONVERSION = YES;
				CLANG_WARN_OBJC_IMPLICIT_RETAIN_SELF = YES;
				CLANG_WARN_OBJC_LITERAL_CONVERSION = YES;
				CLANG_WARN_OBJC_ROOT_CLASS = YES_ERROR;
				CLANG_WARN_RANGE_LOOP_ANALYSIS = YES;
				CLANG_WARN_STRICT_PROTOTYPES = YES;
				CLANG_WARN_SUSPICIOUS_MOVE = YES;
				CLANG_WARN_UNGUARDED_AVAILABILITY = YES_AGGRESSIVE;
				CLANG_WARN_UNREACHABLE_CODE = YES;
				CLANG_WARN__DUPLICATE_METHOD_MATCH = YES;
				CODE_SIGN_IDENTITY = "iPhone Developer";
				COPY_PHASE_STRIP = NO;
				DEBUG_INFORMATION_FORMAT = dwarf;
				ENABLE_STRICT_OBJC_MSGSEND = YES;
				ENABLE_TESTABILITY = YES;
				GCC_C_LANGUAGE_STANDARD = gnu11;
				GCC_DYNAMIC_NO_PIC = NO;
				GCC_NO_COMMON_BLOCKS = YES;
				GCC_OPTIMIZATION_LEVEL = 0;
				GCC_PREPROCESSOR_DEFINITIONS = (
					"DEBUG=1",
					"$(inherited)",
				);
				GCC_WARN_64_TO_32_BIT_CONVERSION = YES;
				GCC_WARN_ABOUT_RETURN_TYPE = YES_ERROR;
				GCC_WARN_UNDECLARED_SELECTOR = YES;
				GCC_WARN_UNINITIALIZED_AUTOS = YES_AGGRESSIVE;
				GCC_WARN_UNUSED_FUNCTION = YES;
				GCC_WARN_UNUSED_VARIABLE = YES;
				IPHONEOS_DEPLOYMENT_TARGET = 11.0;
				MTL_ENABLE_DEBUG_INFO = YES;
				ONLY_ACTIVE_ARCH = YES;
				SDKROOT = iphoneos;
				SWIFT_ACTIVE_COMPILATION_CONDITIONS = DEBUG;
				SWIFT_OPTIMIZATION_LEVEL = "-Onone";
				SWIFT_VERSION = 4.0;
			};
			name = Release_Coll;
		};
		ED2562A720C57BEE004A6901 /* Release_Prod */ = {
			isa = XCBuildConfiguration;
			buildSettings = {
				ALWAYS_SEARCH_USER_PATHS = NO;
				CLANG_ANALYZER_NONNULL = YES;
				CLANG_ANALYZER_NUMBER_OBJECT_CONVERSION = YES_AGGRESSIVE;
				CLANG_CXX_LANGUAGE_STANDARD = "gnu++14";
				CLANG_CXX_LIBRARY = "libc++";
				CLANG_ENABLE_MODULES = YES;
				CLANG_ENABLE_OBJC_ARC = YES;
				CLANG_ENABLE_OBJC_WEAK = YES;
				CLANG_WARN_BLOCK_CAPTURE_AUTORELEASING = YES;
				CLANG_WARN_BOOL_CONVERSION = YES;
				CLANG_WARN_COMMA = YES;
				CLANG_WARN_CONSTANT_CONVERSION = YES;
				CLANG_WARN_DEPRECATED_OBJC_IMPLEMENTATIONS = YES;
				CLANG_WARN_DIRECT_OBJC_ISA_USAGE = YES_ERROR;
				CLANG_WARN_DOCUMENTATION_COMMENTS = YES;
				CLANG_WARN_EMPTY_BODY = YES;
				CLANG_WARN_ENUM_CONVERSION = YES;
				CLANG_WARN_INFINITE_RECURSION = YES;
				CLANG_WARN_INT_CONVERSION = YES;
				CLANG_WARN_NON_LITERAL_NULL_CONVERSION = YES;
				CLANG_WARN_OBJC_IMPLICIT_RETAIN_SELF = YES;
				CLANG_WARN_OBJC_LITERAL_CONVERSION = YES;
				CLANG_WARN_OBJC_ROOT_CLASS = YES_ERROR;
				CLANG_WARN_RANGE_LOOP_ANALYSIS = YES;
				CLANG_WARN_STRICT_PROTOTYPES = YES;
				CLANG_WARN_SUSPICIOUS_MOVE = YES;
				CLANG_WARN_UNGUARDED_AVAILABILITY = YES_AGGRESSIVE;
				CLANG_WARN_UNREACHABLE_CODE = YES;
				CLANG_WARN__DUPLICATE_METHOD_MATCH = YES;
				CODE_SIGN_IDENTITY = "iPhone Developer";
				COPY_PHASE_STRIP = NO;
				DEBUG_INFORMATION_FORMAT = "dwarf-with-dsym";
				ENABLE_NS_ASSERTIONS = NO;
				ENABLE_STRICT_OBJC_MSGSEND = YES;
				GCC_C_LANGUAGE_STANDARD = gnu11;
				GCC_NO_COMMON_BLOCKS = YES;
				GCC_WARN_64_TO_32_BIT_CONVERSION = YES;
				GCC_WARN_ABOUT_RETURN_TYPE = YES_ERROR;
				GCC_WARN_UNDECLARED_SELECTOR = YES;
				GCC_WARN_UNINITIALIZED_AUTOS = YES_AGGRESSIVE;
				GCC_WARN_UNUSED_FUNCTION = YES;
				GCC_WARN_UNUSED_VARIABLE = YES;
				IPHONEOS_DEPLOYMENT_TARGET = 11.0;
				MTL_ENABLE_DEBUG_INFO = NO;
				SDKROOT = iphoneos;
				SWIFT_COMPILATION_MODE = wholemodule;
				SWIFT_OPTIMIZATION_LEVEL = "-O";
				SWIFT_VERSION = 4.0;
				VALIDATE_PRODUCT = YES;
			};
			name = Release_Prod;
		};
		ED2562A920C57BEE004A6901 /* Release_Coll */ = {
			isa = XCBuildConfiguration;
			baseConfigurationReference = 6B681EA4B502E9889B06D500 /* Pods-PSFootball.release_coll.xcconfig */;
			buildSettings = {
				ASSETCATALOG_COMPILER_APPICON_NAME = AppIcon;
				CODE_SIGN_STYLE = Automatic;
				DEBUG_INFORMATION_FORMAT = "dwarf-with-dsym";
				DEVELOPMENT_TEAM = 48M6ZH39G5;
				INFOPLIST_FILE = PSFootball/Resources/Info.plist;
				LD_RUNPATH_SEARCH_PATHS = (
					"$(inherited)",
					"@executable_path/Frameworks",
				);
				OTHER_SWIFT_FLAGS = "$(inherited) \"-D\" \"COCOAPODS\" -DCOLLAUDO";
				PRODUCT_BUNDLE_IDENTIFIER = com.coco.PSFootballColl;
				PRODUCT_NAME = PSFootballColl;
				SWIFT_VERSION = 4.0;
				TARGETED_DEVICE_FAMILY = 1;
			};
			name = Release_Coll;
		};
		ED2562AA20C57BEE004A6901 /* Release_Prod */ = {
			isa = XCBuildConfiguration;
			baseConfigurationReference = 06F0A7CC2936866B37AFDC51 /* Pods-PSFootball.release_prod.xcconfig */;
			buildSettings = {
				ASSETCATALOG_COMPILER_APPICON_NAME = AppIcon;
				CODE_SIGN_STYLE = Automatic;
				DEVELOPMENT_TEAM = 48M6ZH39G5;
				INFOPLIST_FILE = PSFootball/Resources/Info.plist;
				LD_RUNPATH_SEARCH_PATHS = (
					"$(inherited)",
					"@executable_path/Frameworks",
				);
				OTHER_SWIFT_FLAGS = "$(inherited) \"-D\" \"COCOAPODS\" -DPRODUZIONE";
				PRODUCT_BUNDLE_IDENTIFIER = com.coco.PSFootball;
				PRODUCT_NAME = "$(TARGET_NAME)";
				SWIFT_VERSION = 4.0;
				TARGETED_DEVICE_FAMILY = 1;
			};
			name = Release_Prod;
		};
		ED58B09C20C81DD900A81131 /* Debug */ = {
			isa = XCBuildConfiguration;
			buildSettings = {
				ALWAYS_SEARCH_USER_PATHS = NO;
				CLANG_ANALYZER_NONNULL = YES;
				CLANG_ANALYZER_NUMBER_OBJECT_CONVERSION = YES_AGGRESSIVE;
				CLANG_CXX_LANGUAGE_STANDARD = "gnu++14";
				CLANG_CXX_LIBRARY = "libc++";
				CLANG_ENABLE_MODULES = YES;
				CLANG_ENABLE_OBJC_ARC = YES;
				CLANG_ENABLE_OBJC_WEAK = YES;
				CLANG_WARN_BLOCK_CAPTURE_AUTORELEASING = YES;
				CLANG_WARN_BOOL_CONVERSION = YES;
				CLANG_WARN_COMMA = YES;
				CLANG_WARN_CONSTANT_CONVERSION = YES;
				CLANG_WARN_DEPRECATED_OBJC_IMPLEMENTATIONS = YES;
				CLANG_WARN_DIRECT_OBJC_ISA_USAGE = YES_ERROR;
				CLANG_WARN_DOCUMENTATION_COMMENTS = YES;
				CLANG_WARN_EMPTY_BODY = YES;
				CLANG_WARN_ENUM_CONVERSION = YES;
				CLANG_WARN_INFINITE_RECURSION = YES;
				CLANG_WARN_INT_CONVERSION = YES;
				CLANG_WARN_NON_LITERAL_NULL_CONVERSION = YES;
				CLANG_WARN_OBJC_IMPLICIT_RETAIN_SELF = YES;
				CLANG_WARN_OBJC_LITERAL_CONVERSION = YES;
				CLANG_WARN_OBJC_ROOT_CLASS = YES_ERROR;
				CLANG_WARN_RANGE_LOOP_ANALYSIS = YES;
				CLANG_WARN_STRICT_PROTOTYPES = YES;
				CLANG_WARN_SUSPICIOUS_MOVE = YES;
				CLANG_WARN_UNGUARDED_AVAILABILITY = YES_AGGRESSIVE;
				CLANG_WARN_UNREACHABLE_CODE = YES;
				CLANG_WARN__DUPLICATE_METHOD_MATCH = YES;
				CODE_SIGN_IDENTITY = "iPhone Developer";
				COPY_PHASE_STRIP = NO;
				DEBUG_INFORMATION_FORMAT = dwarf;
				ENABLE_STRICT_OBJC_MSGSEND = YES;
				ENABLE_TESTABILITY = YES;
				GCC_C_LANGUAGE_STANDARD = gnu11;
				GCC_DYNAMIC_NO_PIC = NO;
				GCC_NO_COMMON_BLOCKS = YES;
				GCC_OPTIMIZATION_LEVEL = 0;
				GCC_PREPROCESSOR_DEFINITIONS = (
					"DEBUG=1",
					"$(inherited)",
				);
				GCC_WARN_64_TO_32_BIT_CONVERSION = YES;
				GCC_WARN_ABOUT_RETURN_TYPE = YES_ERROR;
				GCC_WARN_UNDECLARED_SELECTOR = YES;
				GCC_WARN_UNINITIALIZED_AUTOS = YES_AGGRESSIVE;
				GCC_WARN_UNUSED_FUNCTION = YES;
				GCC_WARN_UNUSED_VARIABLE = YES;
				IPHONEOS_DEPLOYMENT_TARGET = 11.0;
				MTL_ENABLE_DEBUG_INFO = YES;
				ONLY_ACTIVE_ARCH = YES;
				SDKROOT = iphoneos;
				SWIFT_ACTIVE_COMPILATION_CONDITIONS = DEBUG;
				SWIFT_OPTIMIZATION_LEVEL = "-Onone";
				SWIFT_VERSION = 4.0;
			};
			name = Debug;
		};
		ED58B09D20C81DD900A81131 /* Debug */ = {
			isa = XCBuildConfiguration;
			baseConfigurationReference = 4F8BC588CD98B157D793067E /* Pods-PSFootball.debug.xcconfig */;
			buildSettings = {
				ASSETCATALOG_COMPILER_APPICON_NAME = AppIcon;
				CODE_SIGN_STYLE = Automatic;
				DEBUG_INFORMATION_FORMAT = "dwarf-with-dsym";
				DEVELOPMENT_TEAM = 48M6ZH39G5;
				INFOPLIST_FILE = PSFootball/Resources/Info.plist;
				LD_RUNPATH_SEARCH_PATHS = (
					"$(inherited)",
					"@executable_path/Frameworks",
				);
				OTHER_SWIFT_FLAGS = "$(inherited) \"-D\" \"COCOAPODS\" -DDEBUG";
				PRODUCT_BUNDLE_IDENTIFIER = com.coco.PSFootballTest;
				PRODUCT_NAME = PSFootballTest;
				SWIFT_VERSION = 4.0;
				TARGETED_DEVICE_FAMILY = 1;
			};
			name = Debug;
		};
		ED9C08E920C6BC7000E35E1E /* Release_Test */ = {
			isa = XCBuildConfiguration;
			buildSettings = {
				ALWAYS_SEARCH_USER_PATHS = NO;
				CLANG_ANALYZER_NONNULL = YES;
				CLANG_ANALYZER_NUMBER_OBJECT_CONVERSION = YES_AGGRESSIVE;
				CLANG_CXX_LANGUAGE_STANDARD = "gnu++14";
				CLANG_CXX_LIBRARY = "libc++";
				CLANG_ENABLE_MODULES = YES;
				CLANG_ENABLE_OBJC_ARC = YES;
				CLANG_ENABLE_OBJC_WEAK = YES;
				CLANG_WARN_BLOCK_CAPTURE_AUTORELEASING = YES;
				CLANG_WARN_BOOL_CONVERSION = YES;
				CLANG_WARN_COMMA = YES;
				CLANG_WARN_CONSTANT_CONVERSION = YES;
				CLANG_WARN_DEPRECATED_OBJC_IMPLEMENTATIONS = YES;
				CLANG_WARN_DIRECT_OBJC_ISA_USAGE = YES_ERROR;
				CLANG_WARN_DOCUMENTATION_COMMENTS = YES;
				CLANG_WARN_EMPTY_BODY = YES;
				CLANG_WARN_ENUM_CONVERSION = YES;
				CLANG_WARN_INFINITE_RECURSION = YES;
				CLANG_WARN_INT_CONVERSION = YES;
				CLANG_WARN_NON_LITERAL_NULL_CONVERSION = YES;
				CLANG_WARN_OBJC_IMPLICIT_RETAIN_SELF = YES;
				CLANG_WARN_OBJC_LITERAL_CONVERSION = YES;
				CLANG_WARN_OBJC_ROOT_CLASS = YES_ERROR;
				CLANG_WARN_RANGE_LOOP_ANALYSIS = YES;
				CLANG_WARN_STRICT_PROTOTYPES = YES;
				CLANG_WARN_SUSPICIOUS_MOVE = YES;
				CLANG_WARN_UNGUARDED_AVAILABILITY = YES_AGGRESSIVE;
				CLANG_WARN_UNREACHABLE_CODE = YES;
				CLANG_WARN__DUPLICATE_METHOD_MATCH = YES;
				CODE_SIGN_IDENTITY = "iPhone Developer";
				COPY_PHASE_STRIP = NO;
				DEBUG_INFORMATION_FORMAT = dwarf;
				ENABLE_STRICT_OBJC_MSGSEND = YES;
				ENABLE_TESTABILITY = YES;
				GCC_C_LANGUAGE_STANDARD = gnu11;
				GCC_DYNAMIC_NO_PIC = NO;
				GCC_NO_COMMON_BLOCKS = YES;
				GCC_OPTIMIZATION_LEVEL = 0;
				GCC_PREPROCESSOR_DEFINITIONS = (
					"DEBUG=1",
					"$(inherited)",
				);
				GCC_WARN_64_TO_32_BIT_CONVERSION = YES;
				GCC_WARN_ABOUT_RETURN_TYPE = YES_ERROR;
				GCC_WARN_UNDECLARED_SELECTOR = YES;
				GCC_WARN_UNINITIALIZED_AUTOS = YES_AGGRESSIVE;
				GCC_WARN_UNUSED_FUNCTION = YES;
				GCC_WARN_UNUSED_VARIABLE = YES;
				IPHONEOS_DEPLOYMENT_TARGET = 11.0;
				MTL_ENABLE_DEBUG_INFO = YES;
				ONLY_ACTIVE_ARCH = YES;
				SDKROOT = iphoneos;
				SWIFT_ACTIVE_COMPILATION_CONDITIONS = DEBUG;
				SWIFT_OPTIMIZATION_LEVEL = "-Onone";
				SWIFT_VERSION = 4.0;
			};
			name = Release_Test;
		};
		ED9C08EA20C6BC7000E35E1E /* Release_Test */ = {
			isa = XCBuildConfiguration;
			baseConfigurationReference = 6D2EB7C94215E772A5B18494 /* Pods-PSFootball.release_test.xcconfig */;
			buildSettings = {
				ASSETCATALOG_COMPILER_APPICON_NAME = AppIcon;
				CODE_SIGN_STYLE = Automatic;
				DEBUG_INFORMATION_FORMAT = "dwarf-with-dsym";
				DEVELOPMENT_TEAM = 48M6ZH39G5;
				INFOPLIST_FILE = PSFootball/Resources/Info.plist;
				LD_RUNPATH_SEARCH_PATHS = (
					"$(inherited)",
					"@executable_path/Frameworks",
				);
				OTHER_SWIFT_FLAGS = "$(inherited) \"-D\" \"COCOAPODS\" -DTEST";
				PRODUCT_BUNDLE_IDENTIFIER = com.coco.PSFootballTest;
				PRODUCT_NAME = PSFootballTest;
				SWIFT_VERSION = 4.0;
				TARGETED_DEVICE_FAMILY = 1;
			};
			name = Release_Test;
		};
/* End XCBuildConfiguration section */

/* Begin XCConfigurationList section */
		ED25628E20C57BEC004A6901 /* Build configuration list for PBXProject "PSFootball" */ = {
			isa = XCConfigurationList;
			buildConfigurations = (
				ED2562A620C57BEE004A6901 /* Release_Coll */,
				ED9C08E920C6BC7000E35E1E /* Release_Test */,
				ED58B09C20C81DD900A81131 /* Debug */,
				ED2562A720C57BEE004A6901 /* Release_Prod */,
			);
			defaultConfigurationIsVisible = 0;
			defaultConfigurationName = Release_Prod;
		};
		ED2562A820C57BEE004A6901 /* Build configuration list for PBXNativeTarget "PSFootball" */ = {
			isa = XCConfigurationList;
			buildConfigurations = (
				ED2562A920C57BEE004A6901 /* Release_Coll */,
				ED9C08EA20C6BC7000E35E1E /* Release_Test */,
				ED58B09D20C81DD900A81131 /* Debug */,
				ED2562AA20C57BEE004A6901 /* Release_Prod */,
			);
			defaultConfigurationIsVisible = 0;
			defaultConfigurationName = Release_Prod;
		};
/* End XCConfigurationList section */

/* Begin XCVersionGroup section */
		ED25629D20C57BEC004A6901 /* PSFootball.xcdatamodeld */ = {
			isa = XCVersionGroup;
			children = (
				ED25629E20C57BEC004A6901 /* PSFootball.xcdatamodel */,
			);
			currentVersion = ED25629E20C57BEC004A6901 /* PSFootball.xcdatamodel */;
			path = PSFootball.xcdatamodeld;
			sourceTree = "<group>";
			versionGroupType = wrapper.xcdatamodel;
		};
/* End XCVersionGroup section */
	};
	rootObject = ED25628B20C57BEC004A6901 /* Project object */;
}
