// !$*UTF8*$!
{
	archiveVersion = 1;
	classes = {
	};
	objectVersion = 50;
	objects = {

/* Begin PBXBuildFile section */
		DAD557DD33F2A1FABD76E9C1 /* Pods_PSFootball.framework in Frameworks */ = {isa = PBXBuildFile; fileRef = 98479D061D92382784F96DDA /* Pods_PSFootball.framework */; };
		ED25629720C57BEC004A6901 /* AppDelegate.swift in Sources */ = {isa = PBXBuildFile; fileRef = ED25629620C57BEC004A6901 /* AppDelegate.swift */; };
		ED25629920C57BEC004A6901 /* ViewController.swift in Sources */ = {isa = PBXBuildFile; fileRef = ED25629820C57BEC004A6901 /* ViewController.swift */; };
		ED25629C20C57BEC004A6901 /* Main.storyboard in Resources */ = {isa = PBXBuildFile; fileRef = ED25629A20C57BEC004A6901 /* Main.storyboard */; };
		ED25629F20C57BEC004A6901 /* PSFootball.xcdatamodeld in Sources */ = {isa = PBXBuildFile; fileRef = ED25629D20C57BEC004A6901 /* PSFootball.xcdatamodeld */; };
		ED2562A120C57BEE004A6901 /* Assets.xcassets in Resources */ = {isa = PBXBuildFile; fileRef = ED2562A020C57BEE004A6901 /* Assets.xcassets */; };
		ED2562A420C57BEE004A6901 /* LaunchScreen.storyboard in Resources */ = {isa = PBXBuildFile; fileRef = ED2562A220C57BEE004A6901 /* LaunchScreen.storyboard */; };
		ED9C08EC20C6C04500E35E1E /* Debug.xcconfig in Resources */ = {isa = PBXBuildFile; fileRef = ED9C08EB20C6C04500E35E1E /* Debug.xcconfig */; };
		ED9C08EE20C6C05400E35E1E /* Test.xcconfig in Resources */ = {isa = PBXBuildFile; fileRef = ED9C08ED20C6C05400E35E1E /* Test.xcconfig */; };
		ED9C08F020C6C06100E35E1E /* Release_Prod.xcconfig in Resources */ = {isa = PBXBuildFile; fileRef = ED9C08EF20C6C06100E35E1E /* Release_Prod.xcconfig */; };
/* End PBXBuildFile section */

/* Begin PBXFileReference section */
		06F0A7CC2936866B37AFDC51 /* Pods-PSFootball.release_prod.xcconfig */ = {isa = PBXFileReference; includeInIndex = 1; lastKnownFileType = text.xcconfig; name = "Pods-PSFootball.release_prod.xcconfig"; path = "Pods/Target Support Files/Pods-PSFootball/Pods-PSFootball.release_prod.xcconfig"; sourceTree = "<group>"; };
		4F8BC588CD98B157D793067E /* Pods-PSFootball.debug.xcconfig */ = {isa = PBXFileReference; includeInIndex = 1; lastKnownFileType = text.xcconfig; name = "Pods-PSFootball.debug.xcconfig"; path = "Pods/Target Support Files/Pods-PSFootball/Pods-PSFootball.debug.xcconfig"; sourceTree = "<group>"; };
		51FDD077462DCEDA62A14AC5 /* Pods-PSFootball.release.xcconfig */ = {isa = PBXFileReference; includeInIndex = 1; lastKnownFileType = text.xcconfig; name = "Pods-PSFootball.release.xcconfig"; path = "Pods/Target Support Files/Pods-PSFootball/Pods-PSFootball.release.xcconfig"; sourceTree = "<group>"; };
		98479D061D92382784F96DDA /* Pods_PSFootball.framework */ = {isa = PBXFileReference; explicitFileType = wrapper.framework; includeInIndex = 0; path = Pods_PSFootball.framework; sourceTree = BUILT_PRODUCTS_DIR; };
		AB81A777E31D38CFB3137847 /* Pods-PSFootball.test.xcconfig */ = {isa = PBXFileReference; includeInIndex = 1; lastKnownFileType = text.xcconfig; name = "Pods-PSFootball.test.xcconfig"; path = "Pods/Target Support Files/Pods-PSFootball/Pods-PSFootball.test.xcconfig"; sourceTree = "<group>"; };
		ED25629320C57BEC004A6901 /* PSFootball.app */ = {isa = PBXFileReference; explicitFileType = wrapper.application; includeInIndex = 0; path = PSFootball.app; sourceTree = BUILT_PRODUCTS_DIR; };
		ED25629620C57BEC004A6901 /* AppDelegate.swift */ = {isa = PBXFileReference; lastKnownFileType = sourcecode.swift; path = AppDelegate.swift; sourceTree = "<group>"; };
		ED25629820C57BEC004A6901 /* ViewController.swift */ = {isa = PBXFileReference; lastKnownFileType = sourcecode.swift; path = ViewController.swift; sourceTree = "<group>"; };
		ED25629B20C57BEC004A6901 /* Base */ = {isa = PBXFileReference; lastKnownFileType = file.storyboard; name = Base; path = Base.lproj/Main.storyboard; sourceTree = "<group>"; };
		ED25629E20C57BEC004A6901 /* PSFootball.xcdatamodel */ = {isa = PBXFileReference; lastKnownFileType = wrapper.xcdatamodel; path = PSFootball.xcdatamodel; sourceTree = "<group>"; };
		ED2562A020C57BEE004A6901 /* Assets.xcassets */ = {isa = PBXFileReference; lastKnownFileType = folder.assetcatalog; path = Assets.xcassets; sourceTree = "<group>"; };
		ED2562A320C57BEE004A6901 /* Base */ = {isa = PBXFileReference; lastKnownFileType = file.storyboard; name = Base; path = Base.lproj/LaunchScreen.storyboard; sourceTree = "<group>"; };
		ED2562A520C57BEE004A6901 /* Info.plist */ = {isa = PBXFileReference; lastKnownFileType = text.plist.xml; path = Info.plist; sourceTree = "<group>"; };
		ED9C08EB20C6C04500E35E1E /* Debug.xcconfig */ = {isa = PBXFileReference; lastKnownFileType = text.xcconfig; path = Debug.xcconfig; sourceTree = "<group>"; };
		ED9C08ED20C6C05400E35E1E /* Test.xcconfig */ = {isa = PBXFileReference; lastKnownFileType = text.xcconfig; path = Test.xcconfig; sourceTree = "<group>"; };
		ED9C08EF20C6C06100E35E1E /* Release_Prod.xcconfig */ = {isa = PBXFileReference; lastKnownFileType = text.xcconfig; path = Release_Prod.xcconfig; sourceTree = "<group>"; };
/* End PBXFileReference section */

/* Begin PBXFrameworksBuildPhase section */
		ED25629020C57BEC004A6901 /* Frameworks */ = {
			isa = PBXFrameworksBuildPhase;
			buildActionMask = 2147483647;
			files = (
				DAD557DD33F2A1FABD76E9C1 /* Pods_PSFootball.framework in Frameworks */,
			);
			runOnlyForDeploymentPostprocessing = 0;
		};
/* End PBXFrameworksBuildPhase section */

/* Begin PBXGroup section */
		22B6598CAF2509E293CC1C61 /* Frameworks */ = {
			isa = PBXGroup;
			children = (
				98479D061D92382784F96DDA /* Pods_PSFootball.framework */,
			);
			name = Frameworks;
			sourceTree = "<group>";
		};
		DF4D583702356A33C574AFE7 /* Pods */ = {
			isa = PBXGroup;
			children = (
				4F8BC588CD98B157D793067E /* Pods-PSFootball.debug.xcconfig */,
				51FDD077462DCEDA62A14AC5 /* Pods-PSFootball.release.xcconfig */,
				AB81A777E31D38CFB3137847 /* Pods-PSFootball.test.xcconfig */,
				06F0A7CC2936866B37AFDC51 /* Pods-PSFootball.release_prod.xcconfig */,
			);
			name = Pods;
			sourceTree = "<group>";
		};
		ED25628A20C57BEC004A6901 = {
			isa = PBXGroup;
			children = (
				ED7534A720C6D480001B7463 /* Config */,
				22B6598CAF2509E293CC1C61 /* Frameworks */,
				DF4D583702356A33C574AFE7 /* Pods */,
				ED25629420C57BEC004A6901 /* Products */,
				ED25629520C57BEC004A6901 /* PSFootball */,
			);
			sourceTree = "<group>";
		};
		ED25629420C57BEC004A6901 /* Products */ = {
			isa = PBXGroup;
			children = (
				ED25629320C57BEC004A6901 /* PSFootball.app */,
			);
			name = Products;
			sourceTree = "<group>";
		};
		ED25629520C57BEC004A6901 /* PSFootball */ = {
			isa = PBXGroup;
			children = (
				ED25629620C57BEC004A6901 /* AppDelegate.swift */,
				ED25629820C57BEC004A6901 /* ViewController.swift */,
				ED25629A20C57BEC004A6901 /* Main.storyboard */,
				ED2562A020C57BEE004A6901 /* Assets.xcassets */,
				ED2562A220C57BEE004A6901 /* LaunchScreen.storyboard */,
				ED2562A520C57BEE004A6901 /* Info.plist */,
				ED25629D20C57BEC004A6901 /* PSFootball.xcdatamodeld */,
			);
			path = PSFootball;
			sourceTree = "<group>";
		};
		ED7534A720C6D480001B7463 /* Config */ = {
			isa = PBXGroup;
			children = (
				ED9C08EB20C6C04500E35E1E /* Debug.xcconfig */,
				ED9C08ED20C6C05400E35E1E /* Test.xcconfig */,
				ED9C08EF20C6C06100E35E1E /* Release_Prod.xcconfig */,
			);
			path = Config;
			sourceTree = "<group>";
		};
/* End PBXGroup section */

/* Begin PBXNativeTarget section */
		ED25629220C57BEC004A6901 /* PSFootball */ = {
			isa = PBXNativeTarget;
			buildConfigurationList = ED2562A820C57BEE004A6901 /* Build configuration list for PBXNativeTarget "PSFootball" */;
			buildPhases = (
				B5ABB031755F09840E0EB275 /* [CP] Check Pods Manifest.lock */,
				ED25628F20C57BEC004A6901 /* Sources */,
				ED25629020C57BEC004A6901 /* Frameworks */,
				ED25629120C57BEC004A6901 /* Resources */,
				59C28943E7A26D383D7CCCEE /* [CP] Embed Pods Frameworks */,
				362354D084C080FCA618D244 /* [CP] Copy Pods Resources */,
			);
			buildRules = (
			);
			dependencies = (
			);
			name = PSFootball;
			productName = PSFootball;
			productReference = ED25629320C57BEC004A6901 /* PSFootball.app */;
			productType = "com.apple.product-type.application";
		};
/* End PBXNativeTarget section */

/* Begin PBXProject section */
		ED25628B20C57BEC004A6901 /* Project object */ = {
			isa = PBXProject;
			attributes = {
				LastSwiftUpdateCheck = 0940;
				LastUpgradeCheck = 0940;
				ORGANIZATIONNAME = Lorenzo;
				TargetAttributes = {
					ED25629220C57BEC004A6901 = {
						CreatedOnToolsVersion = 9.4;
					};
				};
			};
			buildConfigurationList = ED25628E20C57BEC004A6901 /* Build configuration list for PBXProject "PSFootball" */;
			compatibilityVersion = "Xcode 9.3";
			developmentRegion = en;
			hasScannedForEncodings = 0;
			knownRegions = (
				en,
				Base,
			);
			mainGroup = ED25628A20C57BEC004A6901;
			productRefGroup = ED25629420C57BEC004A6901 /* Products */;
			projectDirPath = "";
			projectRoot = "";
			targets = (
				ED25629220C57BEC004A6901 /* PSFootball */,
			);
		};
/* End PBXProject section */

/* Begin PBXResourcesBuildPhase section */
		ED25629120C57BEC004A6901 /* Resources */ = {
			isa = PBXResourcesBuildPhase;
			buildActionMask = 2147483647;
			files = (
				ED9C08EC20C6C04500E35E1E /* Debug.xcconfig in Resources */,
				ED9C08F020C6C06100E35E1E /* Release_Prod.xcconfig in Resources */,
				ED2562A420C57BEE004A6901 /* LaunchScreen.storyboard in Resources */,
				ED2562A120C57BEE004A6901 /* Assets.xcassets in Resources */,
				ED25629C20C57BEC004A6901 /* Main.storyboard in Resources */,
				ED9C08EE20C6C05400E35E1E /* Test.xcconfig in Resources */,
			);
			runOnlyForDeploymentPostprocessing = 0;
		};
/* End PBXResourcesBuildPhase section */

/* Begin PBXShellScriptBuildPhase section */
		362354D084C080FCA618D244 /* [CP] Copy Pods Resources */ = {
			isa = PBXShellScriptBuildPhase;
			buildActionMask = 2147483647;
			files = (
			);
			inputPaths = (
			);
			name = "[CP] Copy Pods Resources";
			outputPaths = (
			);
			runOnlyForDeploymentPostprocessing = 0;
			shellPath = /bin/sh;
			shellScript = "\"${SRCROOT}/Pods/Target Support Files/Pods-PSFootball/Pods-PSFootball-resources.sh\"\n";
			showEnvVarsInLog = 0;
		};
		59C28943E7A26D383D7CCCEE /* [CP] Embed Pods Frameworks */ = {
			isa = PBXShellScriptBuildPhase;
			buildActionMask = 2147483647;
			files = (
			);
			inputPaths = (
				"${SRCROOT}/Pods/Target Support Files/Pods-PSFootball/Pods-PSFootball-frameworks.sh",
				"${BUILT_PRODUCTS_DIR}/Alamofire/Alamofire.framework",
			);
			name = "[CP] Embed Pods Frameworks";
			outputPaths = (
				"${TARGET_BUILD_DIR}/${FRAMEWORKS_FOLDER_PATH}/Alamofire.framework",
			);
			runOnlyForDeploymentPostprocessing = 0;
			shellPath = /bin/sh;
			shellScript = "\"${SRCROOT}/Pods/Target Support Files/Pods-PSFootball/Pods-PSFootball-frameworks.sh\"\n";
			showEnvVarsInLog = 0;
		};
		B5ABB031755F09840E0EB275 /* [CP] Check Pods Manifest.lock */ = {
			isa = PBXShellScriptBuildPhase;
			buildActionMask = 2147483647;
			files = (
			);
			inputPaths = (
				"${PODS_PODFILE_DIR_PATH}/Podfile.lock",
				"${PODS_ROOT}/Manifest.lock",
			);
			name = "[CP] Check Pods Manifest.lock";
			outputPaths = (
				"$(DERIVED_FILE_DIR)/Pods-PSFootball-checkManifestLockResult.txt",
			);
			runOnlyForDeploymentPostprocessing = 0;
			shellPath = /bin/sh;
			shellScript = "diff \"${PODS_PODFILE_DIR_PATH}/Podfile.lock\" \"${PODS_ROOT}/Manifest.lock\" > /dev/null\nif [ $? != 0 ] ; then\n    # print error to STDERR\n    echo \"error: The sandbox is not in sync with the Podfile.lock. Run 'pod install' or update your CocoaPods installation.\" >&2\n    exit 1\nfi\n# This output is used by Xcode 'outputs' to avoid re-running this script phase.\necho \"SUCCESS\" > \"${SCRIPT_OUTPUT_FILE_0}\"\n";
			showEnvVarsInLog = 0;
		};
/* End PBXShellScriptBuildPhase section */

/* Begin PBXSourcesBuildPhase section */
		ED25628F20C57BEC004A6901 /* Sources */ = {
			isa = PBXSourcesBuildPhase;
			buildActionMask = 2147483647;
			files = (
				ED25629920C57BEC004A6901 /* ViewController.swift in Sources */,
				ED25629720C57BEC004A6901 /* AppDelegate.swift in Sources */,
				ED25629F20C57BEC004A6901 /* PSFootball.xcdatamodeld in Sources */,
			);
			runOnlyForDeploymentPostprocessing = 0;
		};
/* End PBXSourcesBuildPhase section */

/* Begin PBXVariantGroup section */
		ED25629A20C57BEC004A6901 /* Main.storyboard */ = {
			isa = PBXVariantGroup;
			children = (
				ED25629B20C57BEC004A6901 /* Base */,
			);
			name = Main.storyboard;
			sourceTree = "<group>";
		};
		ED2562A220C57BEE004A6901 /* LaunchScreen.storyboard */ = {
			isa = PBXVariantGroup;
			children = (
				ED2562A320C57BEE004A6901 /* Base */,
			);
			name = LaunchScreen.storyboard;
			sourceTree = "<group>";
		};
/* End PBXVariantGroup section */

/* Begin XCBuildConfiguration section */
		ED2562A620C57BEE004A6901 /* Debug */ = {
			isa = XCBuildConfiguration;
			baseConfigurationReference = ED9C08EB20C6C04500E35E1E /* Debug.xcconfig */;
			buildSettings = {
				ALWAYS_SEARCH_USER_PATHS = NO;
				CLANG_ANALYZER_NONNULL = YES;
				CLANG_ANALYZER_NUMBER_OBJECT_CONVERSION = YES_AGGRESSIVE;
				CLANG_CXX_LANGUAGE_STANDARD = "gnu++14";
				CLANG_CXX_LIBRARY = "libc++";
				CLANG_ENABLE_MODULES = YES;
				CLANG_ENABLE_OBJC_ARC = YES;
				CLANG_ENABLE_OBJC_WEAK = YES;
				CLANG_WARN_BLOCK_CAPTURE_AUTORELEASING = YES;
				CLANG_WARN_BOOL_CONVERSION = YES;
				CLANG_WARN_COMMA = YES;
				CLANG_WARN_CONSTANT_CONVERSION = YES;
				CLANG_WARN_DEPRECATED_OBJC_IMPLEMENTATIONS = YES;
				CLANG_WARN_DIRECT_OBJC_ISA_USAGE = YES_ERROR;
				CLANG_WARN_DOCUMENTATION_COMMENTS = YES;
				CLANG_WARN_EMPTY_BODY = YES;
				CLANG_WARN_ENUM_CONVERSION = YES;
				CLANG_WARN_INFINITE_RECURSION = YES;
				CLANG_WARN_INT_CONVERSION = YES;
				CLANG_WARN_NON_LITERAL_NULL_CONVERSION = YES;
				CLANG_WARN_OBJC_IMPLICIT_RETAIN_SELF = YES;
				CLANG_WARN_OBJC_LITERAL_CONVERSION = YES;
				CLANG_WARN_OBJC_ROOT_CLASS = YES_ERROR;
				CLANG_WARN_RANGE_LOOP_ANALYSIS = YES;
				CLANG_WARN_STRICT_PROTOTYPES = YES;
				CLANG_WARN_SUSPICIOUS_MOVE = YES;
				CLANG_WARN_UNGUARDED_AVAILABILITY = YES_AGGRESSIVE;
				CLANG_WARN_UNREACHABLE_CODE = YES;
				CLANG_WARN__DUPLICATE_METHOD_MATCH = YES;
				CODE_SIGN_IDENTITY = "iPhone Developer";
				COPY_PHASE_STRIP = NO;
				DEBUG_INFORMATION_FORMAT = dwarf;
				ENABLE_STRICT_OBJC_MSGSEND = YES;
				ENABLE_TESTABILITY = YES;
				GCC_C_LANGUAGE_STANDARD = gnu11;
				GCC_DYNAMIC_NO_PIC = NO;
				GCC_NO_COMMON_BLOCKS = YES;
				GCC_OPTIMIZATION_LEVEL = 0;
				GCC_PREPROCESSOR_DEFINITIONS = (
					"DEBUG=1",
					"$(inherited)",
				);
				GCC_WARN_64_TO_32_BIT_CONVERSION = YES;
				GCC_WARN_ABOUT_RETURN_TYPE = YES_ERROR;
				GCC_WARN_UNDECLARED_SELECTOR = YES;
				GCC_WARN_UNINITIALIZED_AUTOS = YES_AGGRESSIVE;
				GCC_WARN_UNUSED_FUNCTION = YES;
				GCC_WARN_UNUSED_VARIABLE = YES;
				IPHONEOS_DEPLOYMENT_TARGET = 11.0;
				MTL_ENABLE_DEBUG_INFO = YES;
				ONLY_ACTIVE_ARCH = YES;
				SDKROOT = iphoneos;
				SWIFT_ACTIVE_COMPILATION_CONDITIONS = DEBUG;
				SWIFT_OPTIMIZATION_LEVEL = "-Onone";
			};
			name = Debug;
		};
		ED2562A720C57BEE004A6901 /* Release_Prod */ = {
			isa = XCBuildConfiguration;
			baseConfigurationReference = ED9C08EF20C6C06100E35E1E /* Release_Prod.xcconfig */;
			buildSettings = {
				ALWAYS_SEARCH_USER_PATHS = NO;
				CLANG_ANALYZER_NONNULL = YES;
				CLANG_ANALYZER_NUMBER_OBJECT_CONVERSION = YES_AGGRESSIVE;
				CLANG_CXX_LANGUAGE_STANDARD = "gnu++14";
				CLANG_CXX_LIBRARY = "libc++";
				CLANG_ENABLE_MODULES = YES;
				CLANG_ENABLE_OBJC_ARC = YES;
				CLANG_ENABLE_OBJC_WEAK = YES;
				CLANG_WARN_BLOCK_CAPTURE_AUTORELEASING = YES;
				CLANG_WARN_BOOL_CONVERSION = YES;
				CLANG_WARN_COMMA = YES;
				CLANG_WARN_CONSTANT_CONVERSION = YES;
				CLANG_WARN_DEPRECATED_OBJC_IMPLEMENTATIONS = YES;
				CLANG_WARN_DIRECT_OBJC_ISA_USAGE = YES_ERROR;
				CLANG_WARN_DOCUMENTATION_COMMENTS = YES;
				CLANG_WARN_EMPTY_BODY = YES;
				CLANG_WARN_ENUM_CONVERSION = YES;
				CLANG_WARN_INFINITE_RECURSION = YES;
				CLANG_WARN_INT_CONVERSION = YES;
				CLANG_WARN_NON_LITERAL_NULL_CONVERSION = YES;
				CLANG_WARN_OBJC_IMPLICIT_RETAIN_SELF = YES;
				CLANG_WARN_OBJC_LITERAL_CONVERSION = YES;
				CLANG_WARN_OBJC_ROOT_CLASS = YES_ERROR;
				CLANG_WARN_RANGE_LOOP_ANALYSIS = YES;
				CLANG_WARN_STRICT_PROTOTYPES = YES;
				CLANG_WARN_SUSPICIOUS_MOVE = YES;
				CLANG_WARN_UNGUARDED_AVAILABILITY = YES_AGGRESSIVE;
				CLANG_WARN_UNREACHABLE_CODE = YES;
				CLANG_WARN__DUPLICATE_METHOD_MATCH = YES;
				CODE_SIGN_IDENTITY = "iPhone Developer";
				COPY_PHASE_STRIP = NO;
				DEBUG_INFORMATION_FORMAT = "dwarf-with-dsym";
				ENABLE_NS_ASSERTIONS = NO;
				ENABLE_STRICT_OBJC_MSGSEND = YES;
				GCC_C_LANGUAGE_STANDARD = gnu11;
				GCC_NO_COMMON_BLOCKS = YES;
				GCC_WARN_64_TO_32_BIT_CONVERSION = YES;
				GCC_WARN_ABOUT_RETURN_TYPE = YES_ERROR;
				GCC_WARN_UNDECLARED_SELECTOR = YES;
				GCC_WARN_UNINITIALIZED_AUTOS = YES_AGGRESSIVE;
				GCC_WARN_UNUSED_FUNCTION = YES;
				GCC_WARN_UNUSED_VARIABLE = YES;
				IPHONEOS_DEPLOYMENT_TARGET = 11.0;
				MTL_ENABLE_DEBUG_INFO = NO;
				SDKROOT = iphoneos;
				SWIFT_COMPILATION_MODE = wholemodule;
				SWIFT_OPTIMIZATION_LEVEL = "-O";
				VALIDATE_PRODUCT = YES;
			};
			name = Release_Prod;
		};
		ED2562A920C57BEE004A6901 /* Debug */ = {
			isa = XCBuildConfiguration;
			baseConfigurationReference = ED9C08EB20C6C04500E35E1E /* Debug.xcconfig */;
			buildSettings = {
				ASSETCATALOG_COMPILER_APPICON_NAME = AppIcon;
				CODE_SIGN_STYLE = Automatic;
				DEVELOPMENT_TEAM = 48M6ZH39G5;
				INFOPLIST_FILE = PSFootball/Info.plist;
				LD_RUNPATH_SEARCH_PATHS = "$(inherited) @executable_path/Frameworks";
				PRODUCT_BUNDLE_IDENTIFIER = com.coco.PSFootball;
				PRODUCT_NAME = "$(TARGET_NAME)";
				SWIFT_VERSION = 4.0;
				TARGETED_DEVICE_FAMILY = 1;
			};
			name = Debug;
		};
		ED2562AA20C57BEE004A6901 /* Release_Prod */ = {
			isa = XCBuildConfiguration;
			baseConfigurationReference = ED9C08EF20C6C06100E35E1E /* Release_Prod.xcconfig */;
			buildSettings = {
				ASSETCATALOG_COMPILER_APPICON_NAME = AppIcon;
				CODE_SIGN_STYLE = Automatic;
				DEVELOPMENT_TEAM = 48M6ZH39G5;
				INFOPLIST_FILE = PSFootball/Info.plist;
				LD_RUNPATH_SEARCH_PATHS = "$(inherited) @executable_path/Frameworks";
				PRODUCT_BUNDLE_IDENTIFIER = com.coco.PSFootball;
				PRODUCT_NAME = "$(TARGET_NAME)";
				SWIFT_VERSION = 4.0;
				TARGETED_DEVICE_FAMILY = 1;
			};
			name = Release_Prod;
		};
		ED9C08E920C6BC7000E35E1E /* Test */ = {
			isa = XCBuildConfiguration;
			baseConfigurationReference = ED9C08ED20C6C05400E35E1E /* Test.xcconfig */;
			buildSettings = {
				ALWAYS_SEARCH_USER_PATHS = NO;
				CLANG_ANALYZER_NONNULL = YES;
				CLANG_ANALYZER_NUMBER_OBJECT_CONVERSION = YES_AGGRESSIVE;
				CLANG_CXX_LANGUAGE_STANDARD = "gnu++14";
				CLANG_CXX_LIBRARY = "libc++";
				CLANG_ENABLE_MODULES = YES;
				CLANG_ENABLE_OBJC_ARC = YES;
				CLANG_ENABLE_OBJC_WEAK = YES;
				CLANG_WARN_BLOCK_CAPTURE_AUTORELEASING = YES;
				CLANG_WARN_BOOL_CONVERSION = YES;
				CLANG_WARN_COMMA = YES;
				CLANG_WARN_CONSTANT_CONVERSION = YES;
				CLANG_WARN_DEPRECATED_OBJC_IMPLEMENTATIONS = YES;
				CLANG_WARN_DIRECT_OBJC_ISA_USAGE = YES_ERROR;
				CLANG_WARN_DOCUMENTATION_COMMENTS = YES;
				CLANG_WARN_EMPTY_BODY = YES;
				CLANG_WARN_ENUM_CONVERSION = YES;
				CLANG_WARN_INFINITE_RECURSION = YES;
				CLANG_WARN_INT_CONVERSION = YES;
				CLANG_WARN_NON_LITERAL_NULL_CONVERSION = YES;
				CLANG_WARN_OBJC_IMPLICIT_RETAIN_SELF = YES;
				CLANG_WARN_OBJC_LITERAL_CONVERSION = YES;
				CLANG_WARN_OBJC_ROOT_CLASS = YES_ERROR;
				CLANG_WARN_RANGE_LOOP_ANALYSIS = YES;
				CLANG_WARN_STRICT_PROTOTYPES = YES;
				CLANG_WARN_SUSPICIOUS_MOVE = YES;
				CLANG_WARN_UNGUARDED_AVAILABILITY = YES_AGGRESSIVE;
				CLANG_WARN_UNREACHABLE_CODE = YES;
				CLANG_WARN__DUPLICATE_METHOD_MATCH = YES;
				CODE_SIGN_IDENTITY = "iPhone Developer";
				COPY_PHASE_STRIP = NO;
				DEBUG_INFORMATION_FORMAT = dwarf;
				ENABLE_STRICT_OBJC_MSGSEND = YES;
				ENABLE_TESTABILITY = YES;
				GCC_C_LANGUAGE_STANDARD = gnu11;
				GCC_DYNAMIC_NO_PIC = NO;
				GCC_NO_COMMON_BLOCKS = YES;
				GCC_OPTIMIZATION_LEVEL = 0;
				GCC_PREPROCESSOR_DEFINITIONS = (
					"DEBUG=1",
					"$(inherited)",
				);
				GCC_WARN_64_TO_32_BIT_CONVERSION = YES;
				GCC_WARN_ABOUT_RETURN_TYPE = YES_ERROR;
				GCC_WARN_UNDECLARED_SELECTOR = YES;
				GCC_WARN_UNINITIALIZED_AUTOS = YES_AGGRESSIVE;
				GCC_WARN_UNUSED_FUNCTION = YES;
				GCC_WARN_UNUSED_VARIABLE = YES;
				IPHONEOS_DEPLOYMENT_TARGET = 11.0;
				MTL_ENABLE_DEBUG_INFO = YES;
				ONLY_ACTIVE_ARCH = YES;
				SDKROOT = iphoneos;
				SWIFT_ACTIVE_COMPILATION_CONDITIONS = DEBUG;
				SWIFT_OPTIMIZATION_LEVEL = "-Onone";
			};
			name = Test;
		};
		ED9C08EA20C6BC7000E35E1E /* Test */ = {
			isa = XCBuildConfiguration;
			baseConfigurationReference = ED9C08ED20C6C05400E35E1E /* Test.xcconfig */;
			buildSettings = {
				ASSETCATALOG_COMPILER_APPICON_NAME = AppIcon;
				CODE_SIGN_STYLE = Automatic;
				DEVELOPMENT_TEAM = 48M6ZH39G5;
				INFOPLIST_FILE = PSFootball/Info.plist;
				LD_RUNPATH_SEARCH_PATHS = "$(inherited) @executable_path/Frameworks";
				PRODUCT_BUNDLE_IDENTIFIER = com.coco.PSFootball;
				PRODUCT_NAME = "$(TARGET_NAME)";
				SWIFT_VERSION = 4.0;
				TARGETED_DEVICE_FAMILY = 1;
			};
			name = Test;
		};
/* End XCBuildConfiguration section */

/* Begin XCConfigurationList section */
		ED25628E20C57BEC004A6901 /* Build configuration list for PBXProject "PSFootball" */ = {
			isa = XCConfigurationList;
			buildConfigurations = (
				ED2562A620C57BEE004A6901 /* Debug */,
				ED9C08E920C6BC7000E35E1E /* Test */,
				ED2562A720C57BEE004A6901 /* Release_Prod */,
			);
			defaultConfigurationIsVisible = 0;
			defaultConfigurationName = Release_Prod;
		};
		ED2562A820C57BEE004A6901 /* Build configuration list for PBXNativeTarget "PSFootball" */ = {
			isa = XCConfigurationList;
			buildConfigurations = (
				ED2562A920C57BEE004A6901 /* Debug */,
				ED9C08EA20C6BC7000E35E1E /* Test */,
				ED2562AA20C57BEE004A6901 /* Release_Prod */,
			);
			defaultConfigurationIsVisible = 0;
			defaultConfigurationName = Release_Prod;
		};
/* End XCConfigurationList section */

/* Begin XCVersionGroup section */
		ED25629D20C57BEC004A6901 /* PSFootball.xcdatamodeld */ = {
			isa = XCVersionGroup;
			children = (
				ED25629E20C57BEC004A6901 /* PSFootball.xcdatamodel */,
			);
			currentVersion = ED25629E20C57BEC004A6901 /* PSFootball.xcdatamodel */;
			path = PSFootball.xcdatamodeld;
			sourceTree = "<group>";
			versionGroupType = wrapper.xcdatamodel;
		};
/* End XCVersionGroup section */
	};
	rootObject = ED25628B20C57BEC004A6901 /* Project object */;
}
